
Microsoft Visual Studio Solution File, Format Version 12.00
# Visual Studio Version 17
VisualStudioVersion = 17.6.33712.159
MinimumVisualStudioVersion = 10.0.40219.1
Project("{FAE04EC0-301F-11D3-BF4B-00C04F79EFBC}") = "BoyleSports.SportsBook", "BoyleSports.SportsBook\BoyleSports.SportsBook.csproj", "{4E666E5B-2C27-4D92-919A-A847353E7E0F}"
EndProject
Project("{9A19103F-16F7-4668-BE54-9A1E7A4F7556}") = "AccountPaymentConfig", "Boylesports.WebLibs\AccountPaymentConfig\AccountPaymentConfig.csproj", "{369D1EA7-57EF-4612-81CB-CAD1919D9554}"
EndProject
Project("{9A19103F-16F7-4668-BE54-9A1E7A4F7556}") = "Boyles.Playtech.Interface", "Boylesports.WebLibs\Boyles.Playtech.Interface\Boyles.Playtech.Interface.csproj", "{8DA0DEED-2FBB-4B56-89AC-6388CDE79732}"
EndProject
Project("{9A19103F-16F7-4668-BE54-9A1E7A4F7556}") = "Boyles.Texas.Interface", "Boylesports.WebLibs\Boyles.Texas.Interface\Boyles.Texas.Interface.csproj", "{FCEDC7EA-0824-4C55-890A-105C298D7F94}"
EndProject
Project("{9A19103F-16F7-4668-BE54-9A1E7A4F7556}") = "Boylesports.WebLib", "Boylesports.WebLibs\Boylesports.WebLib\Boylesports.WebLib.csproj", "{68BC6994-F515-4BF6-9308-0A773748E47B}"
EndProject
Project("{9A19103F-16F7-4668-BE54-9A1E7A4F7556}") = "Boylesports.WebLib.BetCalc", "Boylesports.WebLibs\Boylesports.WebLib.BetCalc\Boylesports.WebLib.BetCalc.csproj", "{AD29C790-1F86-47E5-8E6D-1EA60AF742C2}"
EndProject
Project("{9A19103F-16F7-4668-BE54-9A1E7A4F7556}") = "Boylesports.WebLib.Data", "Boylesports.WebLibs\Boylesports.WebLib.Data\Boylesports.WebLib.Data.csproj", "{293860DF-6D7D-4FB2-82DD-3FA652380029}"
EndProject
Project("{9A19103F-16F7-4668-BE54-9A1E7A4F7556}") = "Boylesports.WebLib.Racing", "Boylesports.WebLibs\Boylesports.WebLib.Racing\Boylesports.WebLib.Racing.csproj", "{2223323E-667C-4B37-AA7B-F38FFFD09A84}"
EndProject
Project("{9A19103F-16F7-4668-BE54-9A1E7A4F7556}") = "Boylesports.WebLib.Shared", "Boylesports.WebLibs\Boylesports.WebLib.Shared\Boylesports.WebLib.Shared.csproj", "{F8F24C00-ED0B-4985-A788-1246F10E21B3}"
EndProject
Project("{9A19103F-16F7-4668-BE54-9A1E7A4F7556}") = "Boylesports.WebLib.Sports", "Boylesports.WebLibs\Boylesports.WebLib.Sports\Boylesports.WebLib.Sports.csproj", "{73A6470C-68B8-446C-BD66-11C9792B223D}"
EndProject
Project("{9A19103F-16F7-4668-BE54-9A1E7A4F7556}") = "Boylesports.WebLib.Web", "Boylesports.WebLibs\Boylesports.WebLib.Web\Boylesports.WebLib.Web.csproj", "{59F01E35-5937-47A1-8E6E-FEBD26F989C1}"
EndProject
Project("{9A19103F-16F7-4668-BE54-9A1E7A4F7556}") = "Boylesports.WebLib.Account", "Boylesports.WebLibs\Boylesports.WebLib.Account\Boylesports.WebLib.Account.csproj", "{86CE4121-6623-402E-876E-2D97C662FF36}"
EndProject
Project("{FAE04EC0-301F-11D3-BF4B-00C04F79EFBC}") = "BoyleSports.SportsBook.UnitTest", "BoyleSports.SportsBook.UnitTest\BoyleSports.SportsBook.UnitTest.csproj", "{2E173591-A2D7-4D15-8312-B553D76F6F79}"
EndProject
Global
	GlobalSection(SolutionConfigurationPlatforms) = preSolution
		Base|Any CPU = Base|Any CPU
		Base|Mixed Platforms = Base|Mixed Platforms
		Base|x86 = Base|x86
		Debug|Any CPU = Debug|Any CPU
		Debug|Mixed Platforms = Debug|Mixed Platforms
		Debug|x86 = Debug|x86
		DEV|Any CPU = DEV|Any CPU
		DEV|Mixed Platforms = DEV|Mixed Platforms
		DEV|x86 = DEV|x86
		Production|Any CPU = Production|Any CPU
		Production|Mixed Platforms = Production|Mixed Platforms
		Production|x86 = Production|x86
		Release|Any CPU = Release|Any CPU
		Release|Mixed Platforms = Release|Mixed Platforms
		Release|x86 = Release|x86
		Staging|Any CPU = Staging|Any CPU
		Staging|Mixed Platforms = Staging|Mixed Platforms
		Staging|x86 = Staging|x86
		UAT|Any CPU = UAT|Any CPU
		UAT|Mixed Platforms = UAT|Mixed Platforms
		UAT|x86 = UAT|x86
	EndGlobalSection
	GlobalSection(ProjectConfigurationPlatforms) = postSolution
		{4E666E5B-2C27-4D92-919A-A847353E7E0F}.Base|Any CPU.ActiveCfg = Base|Any CPU
		{4E666E5B-2C27-4D92-919A-A847353E7E0F}.Base|Any CPU.Build.0 = Base|Any CPU
		{4E666E5B-2C27-4D92-919A-A847353E7E0F}.Base|Mixed Platforms.ActiveCfg = Base|Any CPU
		{4E666E5B-2C27-4D92-919A-A847353E7E0F}.Base|Mixed Platforms.Build.0 = Base|Any CPU
		{4E666E5B-2C27-4D92-919A-A847353E7E0F}.Base|x86.ActiveCfg = Base|Any CPU
		{4E666E5B-2C27-4D92-919A-A847353E7E0F}.Base|x86.Build.0 = Base|Any CPU
		{4E666E5B-2C27-4D92-919A-A847353E7E0F}.Debug|Any CPU.ActiveCfg = Debug|Any CPU
		{4E666E5B-2C27-4D92-919A-A847353E7E0F}.Debug|Any CPU.Build.0 = Debug|Any CPU
		{4E666E5B-2C27-4D92-919A-A847353E7E0F}.Debug|Mixed Platforms.ActiveCfg = Debug|Any CPU
		{4E666E5B-2C27-4D92-919A-A847353E7E0F}.Debug|Mixed Platforms.Build.0 = Debug|Any CPU
		{4E666E5B-2C27-4D92-919A-A847353E7E0F}.Debug|x86.ActiveCfg = Debug|Any CPU
		{4E666E5B-2C27-4D92-919A-A847353E7E0F}.Debug|x86.Build.0 = Debug|Any CPU
		{4E666E5B-2C27-4D92-919A-A847353E7E0F}.DEV|Any CPU.ActiveCfg = DEV|Any CPU
		{4E666E5B-2C27-4D92-919A-A847353E7E0F}.DEV|Any CPU.Build.0 = DEV|Any CPU
		{4E666E5B-2C27-4D92-919A-A847353E7E0F}.DEV|Mixed Platforms.ActiveCfg = DEV|Any CPU
		{4E666E5B-2C27-4D92-919A-A847353E7E0F}.DEV|Mixed Platforms.Build.0 = DEV|Any CPU
		{4E666E5B-2C27-4D92-919A-A847353E7E0F}.DEV|x86.ActiveCfg = DEV|Any CPU
		{4E666E5B-2C27-4D92-919A-A847353E7E0F}.DEV|x86.Build.0 = DEV|Any CPU
		{4E666E5B-2C27-4D92-919A-A847353E7E0F}.Production|Any CPU.ActiveCfg = Production|Any CPU
		{4E666E5B-2C27-4D92-919A-A847353E7E0F}.Production|Any CPU.Build.0 = Production|Any CPU
		{4E666E5B-2C27-4D92-919A-A847353E7E0F}.Production|Mixed Platforms.ActiveCfg = Production|Any CPU
		{4E666E5B-2C27-4D92-919A-A847353E7E0F}.Production|Mixed Platforms.Build.0 = Production|Any CPU
		{4E666E5B-2C27-4D92-919A-A847353E7E0F}.Production|x86.ActiveCfg = Production|Any CPU
		{4E666E5B-2C27-4D92-919A-A847353E7E0F}.Release|Any CPU.ActiveCfg = Release|Any CPU
		{4E666E5B-2C27-4D92-919A-A847353E7E0F}.Release|Any CPU.Build.0 = Release|Any CPU
		{4E666E5B-2C27-4D92-919A-A847353E7E0F}.Release|Mixed Platforms.ActiveCfg = Release|Any CPU
		{4E666E5B-2C27-4D92-919A-A847353E7E0F}.Release|Mixed Platforms.Build.0 = Release|Any CPU
		{4E666E5B-2C27-4D92-919A-A847353E7E0F}.Release|x86.ActiveCfg = Release|Any CPU
		{4E666E5B-2C27-4D92-919A-A847353E7E0F}.Release|x86.Build.0 = Release|Any CPU
		{4E666E5B-2C27-4D92-919A-A847353E7E0F}.Staging|Any CPU.ActiveCfg = Staging|Any CPU
		{4E666E5B-2C27-4D92-919A-A847353E7E0F}.Staging|Any CPU.Build.0 = Staging|Any CPU
		{4E666E5B-2C27-4D92-919A-A847353E7E0F}.Staging|Mixed Platforms.ActiveCfg = Staging|Any CPU
		{4E666E5B-2C27-4D92-919A-A847353E7E0F}.Staging|Mixed Platforms.Build.0 = Staging|Any CPU
		{4E666E5B-2C27-4D92-919A-A847353E7E0F}.Staging|x86.ActiveCfg = Staging|Any CPU
		{4E666E5B-2C27-4D92-919A-A847353E7E0F}.Staging|x86.Build.0 = Staging|Any CPU
		{4E666E5B-2C27-4D92-919A-A847353E7E0F}.UAT|Any CPU.ActiveCfg = UAT|Any CPU
		{4E666E5B-2C27-4D92-919A-A847353E7E0F}.UAT|Any CPU.Build.0 = UAT|Any CPU
		{4E666E5B-2C27-4D92-919A-A847353E7E0F}.UAT|Mixed Platforms.ActiveCfg = UAT|Any CPU
		{4E666E5B-2C27-4D92-919A-A847353E7E0F}.UAT|Mixed Platforms.Build.0 = UAT|Any CPU
		{4E666E5B-2C27-4D92-919A-A847353E7E0F}.UAT|x86.ActiveCfg = UAT|Any CPU
		{369D1EA7-57EF-4612-81CB-CAD1919D9554}.Base|Any CPU.ActiveCfg = Base|Any CPU
		{369D1EA7-57EF-4612-81CB-CAD1919D9554}.Base|Any CPU.Build.0 = Base|Any CPU
		{369D1EA7-57EF-4612-81CB-CAD1919D9554}.Base|Mixed Platforms.ActiveCfg = Base|Any CPU
		{369D1EA7-57EF-4612-81CB-CAD1919D9554}.Base|Mixed Platforms.Build.0 = Base|Any CPU
		{369D1EA7-57EF-4612-81CB-CAD1919D9554}.Base|x86.ActiveCfg = Base|Any CPU
		{369D1EA7-57EF-4612-81CB-CAD1919D9554}.Base|x86.Build.0 = Base|Any CPU
		{369D1EA7-57EF-4612-81CB-CAD1919D9554}.Debug|Any CPU.ActiveCfg = Debug|Any CPU
		{369D1EA7-57EF-4612-81CB-CAD1919D9554}.Debug|Any CPU.Build.0 = Debug|Any CPU
		{369D1EA7-57EF-4612-81CB-CAD1919D9554}.Debug|Mixed Platforms.ActiveCfg = Debug|Any CPU
		{369D1EA7-57EF-4612-81CB-CAD1919D9554}.Debug|Mixed Platforms.Build.0 = Debug|Any CPU
		{369D1EA7-57EF-4612-81CB-CAD1919D9554}.Debug|x86.ActiveCfg = Debug|Any CPU
		{369D1EA7-57EF-4612-81CB-CAD1919D9554}.Debug|x86.Build.0 = Debug|Any CPU
		{369D1EA7-57EF-4612-81CB-CAD1919D9554}.DEV|Any CPU.ActiveCfg = DEV|Any CPU
		{369D1EA7-57EF-4612-81CB-CAD1919D9554}.DEV|Any CPU.Build.0 = DEV|Any CPU
		{369D1EA7-57EF-4612-81CB-CAD1919D9554}.DEV|Mixed Platforms.ActiveCfg = DEV|Any CPU
		{369D1EA7-57EF-4612-81CB-CAD1919D9554}.DEV|Mixed Platforms.Build.0 = DEV|Any CPU
		{369D1EA7-57EF-4612-81CB-CAD1919D9554}.DEV|x86.ActiveCfg = DEV|Any CPU
		{369D1EA7-57EF-4612-81CB-CAD1919D9554}.DEV|x86.Build.0 = DEV|Any CPU
		{369D1EA7-57EF-4612-81CB-CAD1919D9554}.Production|Any CPU.ActiveCfg = Production|Any CPU
		{369D1EA7-57EF-4612-81CB-CAD1919D9554}.Production|Any CPU.Build.0 = Production|Any CPU
		{369D1EA7-57EF-4612-81CB-CAD1919D9554}.Production|Mixed Platforms.ActiveCfg = Production|Any CPU
		{369D1EA7-57EF-4612-81CB-CAD1919D9554}.Production|Mixed Platforms.Build.0 = Production|Any CPU
		{369D1EA7-57EF-4612-81CB-CAD1919D9554}.Production|x86.ActiveCfg = Production|Any CPU
		{369D1EA7-57EF-4612-81CB-CAD1919D9554}.Production|x86.Build.0 = Production|Any CPU
		{369D1EA7-57EF-4612-81CB-CAD1919D9554}.Release|Any CPU.ActiveCfg = Release|Any CPU
		{369D1EA7-57EF-4612-81CB-CAD1919D9554}.Release|Any CPU.Build.0 = Release|Any CPU
		{369D1EA7-57EF-4612-81CB-CAD1919D9554}.Release|Mixed Platforms.ActiveCfg = Release|Any CPU
		{369D1EA7-57EF-4612-81CB-CAD1919D9554}.Release|Mixed Platforms.Build.0 = Release|Any CPU
		{369D1EA7-57EF-4612-81CB-CAD1919D9554}.Release|x86.ActiveCfg = Release|Any CPU
		{369D1EA7-57EF-4612-81CB-CAD1919D9554}.Release|x86.Build.0 = Release|Any CPU
		{369D1EA7-57EF-4612-81CB-CAD1919D9554}.Staging|Any CPU.ActiveCfg = Staging|Any CPU
		{369D1EA7-57EF-4612-81CB-CAD1919D9554}.Staging|Any CPU.Build.0 = Staging|Any CPU
		{369D1EA7-57EF-4612-81CB-CAD1919D9554}.Staging|Mixed Platforms.ActiveCfg = Staging|Any CPU
		{369D1EA7-57EF-4612-81CB-CAD1919D9554}.Staging|Mixed Platforms.Build.0 = Staging|Any CPU
		{369D1EA7-57EF-4612-81CB-CAD1919D9554}.Staging|x86.ActiveCfg = Staging|Any CPU
		{369D1EA7-57EF-4612-81CB-CAD1919D9554}.Staging|x86.Build.0 = Staging|Any CPU
		{369D1EA7-57EF-4612-81CB-CAD1919D9554}.UAT|Any CPU.ActiveCfg = UAT|Any CPU
		{369D1EA7-57EF-4612-81CB-CAD1919D9554}.UAT|Any CPU.Build.0 = UAT|Any CPU
		{369D1EA7-57EF-4612-81CB-CAD1919D9554}.UAT|Mixed Platforms.ActiveCfg = UAT|Any CPU
		{369D1EA7-57EF-4612-81CB-CAD1919D9554}.UAT|Mixed Platforms.Build.0 = UAT|Any CPU
		{369D1EA7-57EF-4612-81CB-CAD1919D9554}.UAT|x86.ActiveCfg = UAT|Any CPU
		{369D1EA7-57EF-4612-81CB-CAD1919D9554}.UAT|x86.Build.0 = UAT|Any CPU
		{8DA0DEED-2FBB-4B56-89AC-6388CDE79732}.Base|Any CPU.ActiveCfg = Base|Any CPU
		{8DA0DEED-2FBB-4B56-89AC-6388CDE79732}.Base|Any CPU.Build.0 = Base|Any CPU
		{8DA0DEED-2FBB-4B56-89AC-6388CDE79732}.Base|Mixed Platforms.ActiveCfg = Base|Any CPU
		{8DA0DEED-2FBB-4B56-89AC-6388CDE79732}.Base|Mixed Platforms.Build.0 = Base|Any CPU
		{8DA0DEED-2FBB-4B56-89AC-6388CDE79732}.Base|x86.ActiveCfg = Base|Any CPU
		{8DA0DEED-2FBB-4B56-89AC-6388CDE79732}.Base|x86.Build.0 = Base|Any CPU
		{8DA0DEED-2FBB-4B56-89AC-6388CDE79732}.Debug|Any CPU.ActiveCfg = Debug|Any CPU
		{8DA0DEED-2FBB-4B56-89AC-6388CDE79732}.Debug|Any CPU.Build.0 = Debug|Any CPU
		{8DA0DEED-2FBB-4B56-89AC-6388CDE79732}.Debug|Mixed Platforms.ActiveCfg = Debug|Any CPU
		{8DA0DEED-2FBB-4B56-89AC-6388CDE79732}.Debug|Mixed Platforms.Build.0 = Debug|Any CPU
		{8DA0DEED-2FBB-4B56-89AC-6388CDE79732}.Debug|x86.ActiveCfg = Debug|Any CPU
		{8DA0DEED-2FBB-4B56-89AC-6388CDE79732}.Debug|x86.Build.0 = Debug|Any CPU
		{8DA0DEED-2FBB-4B56-89AC-6388CDE79732}.DEV|Any CPU.ActiveCfg = DEV|Any CPU
		{8DA0DEED-2FBB-4B56-89AC-6388CDE79732}.DEV|Any CPU.Build.0 = DEV|Any CPU
		{8DA0DEED-2FBB-4B56-89AC-6388CDE79732}.DEV|Mixed Platforms.ActiveCfg = DEV|Any CPU
		{8DA0DEED-2FBB-4B56-89AC-6388CDE79732}.DEV|Mixed Platforms.Build.0 = DEV|Any CPU
		{8DA0DEED-2FBB-4B56-89AC-6388CDE79732}.DEV|x86.ActiveCfg = DEV|Any CPU
		{8DA0DEED-2FBB-4B56-89AC-6388CDE79732}.DEV|x86.Build.0 = DEV|Any CPU
		{8DA0DEED-2FBB-4B56-89AC-6388CDE79732}.Production|Any CPU.ActiveCfg = Production|Any CPU
		{8DA0DEED-2FBB-4B56-89AC-6388CDE79732}.Production|Any CPU.Build.0 = Production|Any CPU
		{8DA0DEED-2FBB-4B56-89AC-6388CDE79732}.Production|Mixed Platforms.ActiveCfg = Production|Any CPU
		{8DA0DEED-2FBB-4B56-89AC-6388CDE79732}.Production|Mixed Platforms.Build.0 = Production|Any CPU
		{8DA0DEED-2FBB-4B56-89AC-6388CDE79732}.Production|x86.ActiveCfg = Production|Any CPU
		{8DA0DEED-2FBB-4B56-89AC-6388CDE79732}.Production|x86.Build.0 = Production|Any CPU
		{8DA0DEED-2FBB-4B56-89AC-6388CDE79732}.Release|Any CPU.ActiveCfg = Release|Any CPU
		{8DA0DEED-2FBB-4B56-89AC-6388CDE79732}.Release|Any CPU.Build.0 = Release|Any CPU
		{8DA0DEED-2FBB-4B56-89AC-6388CDE79732}.Release|Mixed Platforms.ActiveCfg = Release|Any CPU
		{8DA0DEED-2FBB-4B56-89AC-6388CDE79732}.Release|Mixed Platforms.Build.0 = Release|Any CPU
		{8DA0DEED-2FBB-4B56-89AC-6388CDE79732}.Release|x86.ActiveCfg = Release|Any CPU
		{8DA0DEED-2FBB-4B56-89AC-6388CDE79732}.Release|x86.Build.0 = Release|Any CPU
		{8DA0DEED-2FBB-4B56-89AC-6388CDE79732}.Staging|Any CPU.ActiveCfg = Staging|Any CPU
		{8DA0DEED-2FBB-4B56-89AC-6388CDE79732}.Staging|Any CPU.Build.0 = Staging|Any CPU
		{8DA0DEED-2FBB-4B56-89AC-6388CDE79732}.Staging|Mixed Platforms.ActiveCfg = Staging|Any CPU
		{8DA0DEED-2FBB-4B56-89AC-6388CDE79732}.Staging|Mixed Platforms.Build.0 = Staging|Any CPU
		{8DA0DEED-2FBB-4B56-89AC-6388CDE79732}.Staging|x86.ActiveCfg = Staging|Any CPU
		{8DA0DEED-2FBB-4B56-89AC-6388CDE79732}.Staging|x86.Build.0 = Staging|Any CPU
		{8DA0DEED-2FBB-4B56-89AC-6388CDE79732}.UAT|Any CPU.ActiveCfg = UAT|Any CPU
		{8DA0DEED-2FBB-4B56-89AC-6388CDE79732}.UAT|Any CPU.Build.0 = UAT|Any CPU
		{8DA0DEED-2FBB-4B56-89AC-6388CDE79732}.UAT|Mixed Platforms.ActiveCfg = UAT|Any CPU
		{8DA0DEED-2FBB-4B56-89AC-6388CDE79732}.UAT|Mixed Platforms.Build.0 = UAT|Any CPU
		{8DA0DEED-2FBB-4B56-89AC-6388CDE79732}.UAT|x86.ActiveCfg = UAT|Any CPU
		{8DA0DEED-2FBB-4B56-89AC-6388CDE79732}.UAT|x86.Build.0 = UAT|Any CPU
		{FCEDC7EA-0824-4C55-890A-105C298D7F94}.Base|Any CPU.ActiveCfg = Base|Any CPU
		{FCEDC7EA-0824-4C55-890A-105C298D7F94}.Base|Any CPU.Build.0 = Base|Any CPU
		{FCEDC7EA-0824-4C55-890A-105C298D7F94}.Base|Mixed Platforms.ActiveCfg = Base|Any CPU
		{FCEDC7EA-0824-4C55-890A-105C298D7F94}.Base|Mixed Platforms.Build.0 = Base|Any CPU
		{FCEDC7EA-0824-4C55-890A-105C298D7F94}.Base|x86.ActiveCfg = Base|Any CPU
		{FCEDC7EA-0824-4C55-890A-105C298D7F94}.Base|x86.Build.0 = Base|Any CPU
		{FCEDC7EA-0824-4C55-890A-105C298D7F94}.Debug|Any CPU.ActiveCfg = Debug|Any CPU
		{FCEDC7EA-0824-4C55-890A-105C298D7F94}.Debug|Any CPU.Build.0 = Debug|Any CPU
		{FCEDC7EA-0824-4C55-890A-105C298D7F94}.Debug|Mixed Platforms.ActiveCfg = Debug|Any CPU
		{FCEDC7EA-0824-4C55-890A-105C298D7F94}.Debug|Mixed Platforms.Build.0 = Debug|Any CPU
		{FCEDC7EA-0824-4C55-890A-105C298D7F94}.Debug|x86.ActiveCfg = Debug|Any CPU
		{FCEDC7EA-0824-4C55-890A-105C298D7F94}.Debug|x86.Build.0 = Debug|Any CPU
		{FCEDC7EA-0824-4C55-890A-105C298D7F94}.DEV|Any CPU.ActiveCfg = DEV|Any CPU
		{FCEDC7EA-0824-4C55-890A-105C298D7F94}.DEV|Any CPU.Build.0 = DEV|Any CPU
		{FCEDC7EA-0824-4C55-890A-105C298D7F94}.DEV|Mixed Platforms.ActiveCfg = DEV|Any CPU
		{FCEDC7EA-0824-4C55-890A-105C298D7F94}.DEV|Mixed Platforms.Build.0 = DEV|Any CPU
		{FCEDC7EA-0824-4C55-890A-105C298D7F94}.DEV|x86.ActiveCfg = DEV|Any CPU
		{FCEDC7EA-0824-4C55-890A-105C298D7F94}.DEV|x86.Build.0 = DEV|Any CPU
		{FCEDC7EA-0824-4C55-890A-105C298D7F94}.Production|Any CPU.ActiveCfg = Production|Any CPU
		{FCEDC7EA-0824-4C55-890A-105C298D7F94}.Production|Any CPU.Build.0 = Production|Any CPU
		{FCEDC7EA-0824-4C55-890A-105C298D7F94}.Production|Mixed Platforms.ActiveCfg = Production|Any CPU
		{FCEDC7EA-0824-4C55-890A-105C298D7F94}.Production|Mixed Platforms.Build.0 = Production|Any CPU
		{FCEDC7EA-0824-4C55-890A-105C298D7F94}.Production|x86.ActiveCfg = Production|Any CPU
		{FCEDC7EA-0824-4C55-890A-105C298D7F94}.Production|x86.Build.0 = Production|Any CPU
		{FCEDC7EA-0824-4C55-890A-105C298D7F94}.Release|Any CPU.ActiveCfg = Release|Any CPU
		{FCEDC7EA-0824-4C55-890A-105C298D7F94}.Release|Any CPU.Build.0 = Release|Any CPU
		{FCEDC7EA-0824-4C55-890A-105C298D7F94}.Release|Mixed Platforms.ActiveCfg = Release|Any CPU
		{FCEDC7EA-0824-4C55-890A-105C298D7F94}.Release|Mixed Platforms.Build.0 = Release|Any CPU
		{FCEDC7EA-0824-4C55-890A-105C298D7F94}.Release|x86.ActiveCfg = Release|Any CPU
		{FCEDC7EA-0824-4C55-890A-105C298D7F94}.Release|x86.Build.0 = Release|Any CPU
		{FCEDC7EA-0824-4C55-890A-105C298D7F94}.Staging|Any CPU.ActiveCfg = Staging|Any CPU
		{FCEDC7EA-0824-4C55-890A-105C298D7F94}.Staging|Any CPU.Build.0 = Staging|Any CPU
		{FCEDC7EA-0824-4C55-890A-105C298D7F94}.Staging|Mixed Platforms.ActiveCfg = Staging|Any CPU
		{FCEDC7EA-0824-4C55-890A-105C298D7F94}.Staging|Mixed Platforms.Build.0 = Staging|Any CPU
		{FCEDC7EA-0824-4C55-890A-105C298D7F94}.Staging|x86.ActiveCfg = Staging|Any CPU
		{FCEDC7EA-0824-4C55-890A-105C298D7F94}.Staging|x86.Build.0 = Staging|Any CPU
		{FCEDC7EA-0824-4C55-890A-105C298D7F94}.UAT|Any CPU.ActiveCfg = UAT|Any CPU
		{FCEDC7EA-0824-4C55-890A-105C298D7F94}.UAT|Any CPU.Build.0 = UAT|Any CPU
		{FCEDC7EA-0824-4C55-890A-105C298D7F94}.UAT|Mixed Platforms.ActiveCfg = UAT|Any CPU
		{FCEDC7EA-0824-4C55-890A-105C298D7F94}.UAT|Mixed Platforms.Build.0 = UAT|Any CPU
		{FCEDC7EA-0824-4C55-890A-105C298D7F94}.UAT|x86.ActiveCfg = UAT|Any CPU
		{FCEDC7EA-0824-4C55-890A-105C298D7F94}.UAT|x86.Build.0 = UAT|Any CPU
		{68BC6994-F515-4BF6-9308-0A773748E47B}.Base|Any CPU.ActiveCfg = Base|Any CPU
		{68BC6994-F515-4BF6-9308-0A773748E47B}.Base|Any CPU.Build.0 = Base|Any CPU
		{68BC6994-F515-4BF6-9308-0A773748E47B}.Base|Mixed Platforms.ActiveCfg = Base|Any CPU
		{68BC6994-F515-4BF6-9308-0A773748E47B}.Base|Mixed Platforms.Build.0 = Base|Any CPU
		{68BC6994-F515-4BF6-9308-0A773748E47B}.Base|x86.ActiveCfg = Base|Any CPU
		{68BC6994-F515-4BF6-9308-0A773748E47B}.Base|x86.Build.0 = Base|Any CPU
		{68BC6994-F515-4BF6-9308-0A773748E47B}.Debug|Any CPU.ActiveCfg = Debug|Any CPU
		{68BC6994-F515-4BF6-9308-0A773748E47B}.Debug|Any CPU.Build.0 = Debug|Any CPU
		{68BC6994-F515-4BF6-9308-0A773748E47B}.Debug|Mixed Platforms.ActiveCfg = Debug|Any CPU
		{68BC6994-F515-4BF6-9308-0A773748E47B}.Debug|Mixed Platforms.Build.0 = Debug|Any CPU
		{68BC6994-F515-4BF6-9308-0A773748E47B}.Debug|x86.ActiveCfg = Debug|Any CPU
		{68BC6994-F515-4BF6-9308-0A773748E47B}.Debug|x86.Build.0 = Debug|Any CPU
		{68BC6994-F515-4BF6-9308-0A773748E47B}.DEV|Any CPU.ActiveCfg = DEV|Any CPU
		{68BC6994-F515-4BF6-9308-0A773748E47B}.DEV|Any CPU.Build.0 = DEV|Any CPU
		{68BC6994-F515-4BF6-9308-0A773748E47B}.DEV|Mixed Platforms.ActiveCfg = DEV|Any CPU
		{68BC6994-F515-4BF6-9308-0A773748E47B}.DEV|Mixed Platforms.Build.0 = DEV|Any CPU
		{68BC6994-F515-4BF6-9308-0A773748E47B}.DEV|x86.ActiveCfg = DEV|Any CPU
		{68BC6994-F515-4BF6-9308-0A773748E47B}.DEV|x86.Build.0 = DEV|Any CPU
		{68BC6994-F515-4BF6-9308-0A773748E47B}.Production|Any CPU.ActiveCfg = Production|Any CPU
		{68BC6994-F515-4BF6-9308-0A773748E47B}.Production|Any CPU.Build.0 = Production|Any CPU
		{68BC6994-F515-4BF6-9308-0A773748E47B}.Production|Mixed Platforms.ActiveCfg = Production|Any CPU
		{68BC6994-F515-4BF6-9308-0A773748E47B}.Production|Mixed Platforms.Build.0 = Production|Any CPU
		{68BC6994-F515-4BF6-9308-0A773748E47B}.Production|x86.ActiveCfg = Production|Any CPU
		{68BC6994-F515-4BF6-9308-0A773748E47B}.Production|x86.Build.0 = Production|Any CPU
		{68BC6994-F515-4BF6-9308-0A773748E47B}.Release|Any CPU.ActiveCfg = Release|Any CPU
		{68BC6994-F515-4BF6-9308-0A773748E47B}.Release|Any CPU.Build.0 = Release|Any CPU
		{68BC6994-F515-4BF6-9308-0A773748E47B}.Release|Mixed Platforms.ActiveCfg = Release|Any CPU
		{68BC6994-F515-4BF6-9308-0A773748E47B}.Release|Mixed Platforms.Build.0 = Release|Any CPU
		{68BC6994-F515-4BF6-9308-0A773748E47B}.Release|x86.ActiveCfg = Release|Any CPU
		{68BC6994-F515-4BF6-9308-0A773748E47B}.Release|x86.Build.0 = Release|Any CPU
		{68BC6994-F515-4BF6-9308-0A773748E47B}.Staging|Any CPU.ActiveCfg = Staging|Any CPU
		{68BC6994-F515-4BF6-9308-0A773748E47B}.Staging|Any CPU.Build.0 = Staging|Any CPU
		{68BC6994-F515-4BF6-9308-0A773748E47B}.Staging|Mixed Platforms.ActiveCfg = Staging|Any CPU
		{68BC6994-F515-4BF6-9308-0A773748E47B}.Staging|Mixed Platforms.Build.0 = Staging|Any CPU
		{68BC6994-F515-4BF6-9308-0A773748E47B}.Staging|x86.ActiveCfg = Staging|Any CPU
		{68BC6994-F515-4BF6-9308-0A773748E47B}.Staging|x86.Build.0 = Staging|Any CPU
		{68BC6994-F515-4BF6-9308-0A773748E47B}.UAT|Any CPU.ActiveCfg = UAT|Any CPU
		{68BC6994-F515-4BF6-9308-0A773748E47B}.UAT|Any CPU.Build.0 = UAT|Any CPU
		{68BC6994-F515-4BF6-9308-0A773748E47B}.UAT|Mixed Platforms.ActiveCfg = UAT|Any CPU
		{68BC6994-F515-4BF6-9308-0A773748E47B}.UAT|Mixed Platforms.Build.0 = UAT|Any CPU
		{68BC6994-F515-4BF6-9308-0A773748E47B}.UAT|x86.ActiveCfg = UAT|Any CPU
		{68BC6994-F515-4BF6-9308-0A773748E47B}.UAT|x86.Build.0 = UAT|Any CPU
		{AD29C790-1F86-47E5-8E6D-1EA60AF742C2}.Base|Any CPU.ActiveCfg = Base|Any CPU
		{AD29C790-1F86-47E5-8E6D-1EA60AF742C2}.Base|Any CPU.Build.0 = Base|Any CPU
		{AD29C790-1F86-47E5-8E6D-1EA60AF742C2}.Base|Mixed Platforms.ActiveCfg = Base|Any CPU
		{AD29C790-1F86-47E5-8E6D-1EA60AF742C2}.Base|Mixed Platforms.Build.0 = Base|Any CPU
		{AD29C790-1F86-47E5-8E6D-1EA60AF742C2}.Base|x86.ActiveCfg = Base|Any CPU
		{AD29C790-1F86-47E5-8E6D-1EA60AF742C2}.Base|x86.Build.0 = Base|Any CPU
		{AD29C790-1F86-47E5-8E6D-1EA60AF742C2}.Debug|Any CPU.ActiveCfg = Debug|Any CPU
		{AD29C790-1F86-47E5-8E6D-1EA60AF742C2}.Debug|Any CPU.Build.0 = Debug|Any CPU
		{AD29C790-1F86-47E5-8E6D-1EA60AF742C2}.Debug|Mixed Platforms.ActiveCfg = Debug|Any CPU
		{AD29C790-1F86-47E5-8E6D-1EA60AF742C2}.Debug|Mixed Platforms.Build.0 = Debug|Any CPU
		{AD29C790-1F86-47E5-8E6D-1EA60AF742C2}.Debug|x86.ActiveCfg = Debug|Any CPU
		{AD29C790-1F86-47E5-8E6D-1EA60AF742C2}.Debug|x86.Build.0 = Debug|Any CPU
		{AD29C790-1F86-47E5-8E6D-1EA60AF742C2}.DEV|Any CPU.ActiveCfg = DEV|Any CPU
		{AD29C790-1F86-47E5-8E6D-1EA60AF742C2}.DEV|Any CPU.Build.0 = DEV|Any CPU
		{AD29C790-1F86-47E5-8E6D-1EA60AF742C2}.DEV|Mixed Platforms.ActiveCfg = DEV|Any CPU
		{AD29C790-1F86-47E5-8E6D-1EA60AF742C2}.DEV|Mixed Platforms.Build.0 = DEV|Any CPU
		{AD29C790-1F86-47E5-8E6D-1EA60AF742C2}.DEV|x86.ActiveCfg = DEV|Any CPU
		{AD29C790-1F86-47E5-8E6D-1EA60AF742C2}.DEV|x86.Build.0 = DEV|Any CPU
		{AD29C790-1F86-47E5-8E6D-1EA60AF742C2}.Production|Any CPU.ActiveCfg = Production|Any CPU
		{AD29C790-1F86-47E5-8E6D-1EA60AF742C2}.Production|Any CPU.Build.0 = Production|Any CPU
		{AD29C790-1F86-47E5-8E6D-1EA60AF742C2}.Production|Mixed Platforms.ActiveCfg = Production|Any CPU
		{AD29C790-1F86-47E5-8E6D-1EA60AF742C2}.Production|Mixed Platforms.Build.0 = Production|Any CPU
		{AD29C790-1F86-47E5-8E6D-1EA60AF742C2}.Production|x86.ActiveCfg = Production|Any CPU
		{AD29C790-1F86-47E5-8E6D-1EA60AF742C2}.Production|x86.Build.0 = Production|Any CPU
		{AD29C790-1F86-47E5-8E6D-1EA60AF742C2}.Release|Any CPU.ActiveCfg = Release|Any CPU
		{AD29C790-1F86-47E5-8E6D-1EA60AF742C2}.Release|Any CPU.Build.0 = Release|Any CPU
		{AD29C790-1F86-47E5-8E6D-1EA60AF742C2}.Release|Mixed Platforms.ActiveCfg = Release|Any CPU
		{AD29C790-1F86-47E5-8E6D-1EA60AF742C2}.Release|Mixed Platforms.Build.0 = Release|Any CPU
		{AD29C790-1F86-47E5-8E6D-1EA60AF742C2}.Release|x86.ActiveCfg = Release|Any CPU
		{AD29C790-1F86-47E5-8E6D-1EA60AF742C2}.Release|x86.Build.0 = Release|Any CPU
		{AD29C790-1F86-47E5-8E6D-1EA60AF742C2}.Staging|Any CPU.ActiveCfg = Staging|Any CPU
		{AD29C790-1F86-47E5-8E6D-1EA60AF742C2}.Staging|Any CPU.Build.0 = Staging|Any CPU
		{AD29C790-1F86-47E5-8E6D-1EA60AF742C2}.Staging|Mixed Platforms.ActiveCfg = Staging|Any CPU
		{AD29C790-1F86-47E5-8E6D-1EA60AF742C2}.Staging|Mixed Platforms.Build.0 = Staging|Any CPU
		{AD29C790-1F86-47E5-8E6D-1EA60AF742C2}.Staging|x86.ActiveCfg = Staging|Any CPU
		{AD29C790-1F86-47E5-8E6D-1EA60AF742C2}.Staging|x86.Build.0 = Staging|Any CPU
		{AD29C790-1F86-47E5-8E6D-1EA60AF742C2}.UAT|Any CPU.ActiveCfg = UAT|Any CPU
		{AD29C790-1F86-47E5-8E6D-1EA60AF742C2}.UAT|Any CPU.Build.0 = UAT|Any CPU
		{AD29C790-1F86-47E5-8E6D-1EA60AF742C2}.UAT|Mixed Platforms.ActiveCfg = UAT|Any CPU
		{AD29C790-1F86-47E5-8E6D-1EA60AF742C2}.UAT|Mixed Platforms.Build.0 = UAT|Any CPU
		{AD29C790-1F86-47E5-8E6D-1EA60AF742C2}.UAT|x86.ActiveCfg = UAT|Any CPU
		{AD29C790-1F86-47E5-8E6D-1EA60AF742C2}.UAT|x86.Build.0 = UAT|Any CPU
		{293860DF-6D7D-4FB2-82DD-3FA652380029}.Base|Any CPU.ActiveCfg = Base|Any CPU
		{293860DF-6D7D-4FB2-82DD-3FA652380029}.Base|Any CPU.Build.0 = Base|Any CPU
		{293860DF-6D7D-4FB2-82DD-3FA652380029}.Base|Mixed Platforms.ActiveCfg = Base|Any CPU
		{293860DF-6D7D-4FB2-82DD-3FA652380029}.Base|Mixed Platforms.Build.0 = Base|Any CPU
		{293860DF-6D7D-4FB2-82DD-3FA652380029}.Base|x86.ActiveCfg = Base|Any CPU
		{293860DF-6D7D-4FB2-82DD-3FA652380029}.Base|x86.Build.0 = Base|Any CPU
		{293860DF-6D7D-4FB2-82DD-3FA652380029}.Debug|Any CPU.ActiveCfg = Debug|Any CPU
		{293860DF-6D7D-4FB2-82DD-3FA652380029}.Debug|Any CPU.Build.0 = Debug|Any CPU
		{293860DF-6D7D-4FB2-82DD-3FA652380029}.Debug|Mixed Platforms.ActiveCfg = Debug|Any CPU
		{293860DF-6D7D-4FB2-82DD-3FA652380029}.Debug|Mixed Platforms.Build.0 = Debug|Any CPU
		{293860DF-6D7D-4FB2-82DD-3FA652380029}.Debug|x86.ActiveCfg = Debug|Any CPU
		{293860DF-6D7D-4FB2-82DD-3FA652380029}.Debug|x86.Build.0 = Debug|Any CPU
		{293860DF-6D7D-4FB2-82DD-3FA652380029}.DEV|Any CPU.ActiveCfg = DEV|Any CPU
		{293860DF-6D7D-4FB2-82DD-3FA652380029}.DEV|Any CPU.Build.0 = DEV|Any CPU
		{293860DF-6D7D-4FB2-82DD-3FA652380029}.DEV|Mixed Platforms.ActiveCfg = DEV|Any CPU
		{293860DF-6D7D-4FB2-82DD-3FA652380029}.DEV|Mixed Platforms.Build.0 = DEV|Any CPU
		{293860DF-6D7D-4FB2-82DD-3FA652380029}.DEV|x86.ActiveCfg = DEV|Any CPU
		{293860DF-6D7D-4FB2-82DD-3FA652380029}.DEV|x86.Build.0 = DEV|Any CPU
		{293860DF-6D7D-4FB2-82DD-3FA652380029}.Production|Any CPU.ActiveCfg = Production|Any CPU
		{293860DF-6D7D-4FB2-82DD-3FA652380029}.Production|Any CPU.Build.0 = Production|Any CPU
		{293860DF-6D7D-4FB2-82DD-3FA652380029}.Production|Mixed Platforms.ActiveCfg = Production|Any CPU
		{293860DF-6D7D-4FB2-82DD-3FA652380029}.Production|Mixed Platforms.Build.0 = Production|Any CPU
		{293860DF-6D7D-4FB2-82DD-3FA652380029}.Production|x86.ActiveCfg = Production|Any CPU
		{293860DF-6D7D-4FB2-82DD-3FA652380029}.Production|x86.Build.0 = Production|Any CPU
		{293860DF-6D7D-4FB2-82DD-3FA652380029}.Release|Any CPU.ActiveCfg = Release|Any CPU
		{293860DF-6D7D-4FB2-82DD-3FA652380029}.Release|Any CPU.Build.0 = Release|Any CPU
		{293860DF-6D7D-4FB2-82DD-3FA652380029}.Release|Mixed Platforms.ActiveCfg = Release|Any CPU
		{293860DF-6D7D-4FB2-82DD-3FA652380029}.Release|Mixed Platforms.Build.0 = Release|Any CPU
		{293860DF-6D7D-4FB2-82DD-3FA652380029}.Release|x86.ActiveCfg = Release|Any CPU
		{293860DF-6D7D-4FB2-82DD-3FA652380029}.Release|x86.Build.0 = Release|Any CPU
		{293860DF-6D7D-4FB2-82DD-3FA652380029}.Staging|Any CPU.ActiveCfg = Staging|Any CPU
		{293860DF-6D7D-4FB2-82DD-3FA652380029}.Staging|Any CPU.Build.0 = Staging|Any CPU
		{293860DF-6D7D-4FB2-82DD-3FA652380029}.Staging|Mixed Platforms.ActiveCfg = Staging|Any CPU
		{293860DF-6D7D-4FB2-82DD-3FA652380029}.Staging|Mixed Platforms.Build.0 = Staging|Any CPU
		{293860DF-6D7D-4FB2-82DD-3FA652380029}.Staging|x86.ActiveCfg = Staging|Any CPU
		{293860DF-6D7D-4FB2-82DD-3FA652380029}.Staging|x86.Build.0 = Staging|Any CPU
		{293860DF-6D7D-4FB2-82DD-3FA652380029}.UAT|Any CPU.ActiveCfg = UAT|Any CPU
		{293860DF-6D7D-4FB2-82DD-3FA652380029}.UAT|Any CPU.Build.0 = UAT|Any CPU
		{293860DF-6D7D-4FB2-82DD-3FA652380029}.UAT|Mixed Platforms.ActiveCfg = UAT|Any CPU
		{293860DF-6D7D-4FB2-82DD-3FA652380029}.UAT|Mixed Platforms.Build.0 = UAT|Any CPU
		{293860DF-6D7D-4FB2-82DD-3FA652380029}.UAT|x86.ActiveCfg = UAT|Any CPU
		{293860DF-6D7D-4FB2-82DD-3FA652380029}.UAT|x86.Build.0 = UAT|Any CPU
		{2223323E-667C-4B37-AA7B-F38FFFD09A84}.Base|Any CPU.ActiveCfg = Base|Any CPU
		{2223323E-667C-4B37-AA7B-F38FFFD09A84}.Base|Any CPU.Build.0 = Base|Any CPU
		{2223323E-667C-4B37-AA7B-F38FFFD09A84}.Base|Mixed Platforms.ActiveCfg = Base|Any CPU
		{2223323E-667C-4B37-AA7B-F38FFFD09A84}.Base|Mixed Platforms.Build.0 = Base|Any CPU
		{2223323E-667C-4B37-AA7B-F38FFFD09A84}.Base|x86.ActiveCfg = Base|Any CPU
		{2223323E-667C-4B37-AA7B-F38FFFD09A84}.Base|x86.Build.0 = Base|Any CPU
		{2223323E-667C-4B37-AA7B-F38FFFD09A84}.Debug|Any CPU.ActiveCfg = Debug|Any CPU
		{2223323E-667C-4B37-AA7B-F38FFFD09A84}.Debug|Any CPU.Build.0 = Debug|Any CPU
		{2223323E-667C-4B37-AA7B-F38FFFD09A84}.Debug|Mixed Platforms.ActiveCfg = Debug|Any CPU
		{2223323E-667C-4B37-AA7B-F38FFFD09A84}.Debug|Mixed Platforms.Build.0 = Debug|Any CPU
		{2223323E-667C-4B37-AA7B-F38FFFD09A84}.Debug|x86.ActiveCfg = Debug|Any CPU
		{2223323E-667C-4B37-AA7B-F38FFFD09A84}.Debug|x86.Build.0 = Debug|Any CPU
		{2223323E-667C-4B37-AA7B-F38FFFD09A84}.DEV|Any CPU.ActiveCfg = DEV|Any CPU
		{2223323E-667C-4B37-AA7B-F38FFFD09A84}.DEV|Any CPU.Build.0 = DEV|Any CPU
		{2223323E-667C-4B37-AA7B-F38FFFD09A84}.DEV|Mixed Platforms.ActiveCfg = DEV|Any CPU
		{2223323E-667C-4B37-AA7B-F38FFFD09A84}.DEV|Mixed Platforms.Build.0 = DEV|Any CPU
		{2223323E-667C-4B37-AA7B-F38FFFD09A84}.DEV|x86.ActiveCfg = DEV|Any CPU
		{2223323E-667C-4B37-AA7B-F38FFFD09A84}.DEV|x86.Build.0 = DEV|Any CPU
		{2223323E-667C-4B37-AA7B-F38FFFD09A84}.Production|Any CPU.ActiveCfg = Production|Any CPU
		{2223323E-667C-4B37-AA7B-F38FFFD09A84}.Production|Any CPU.Build.0 = Production|Any CPU
		{2223323E-667C-4B37-AA7B-F38FFFD09A84}.Production|Mixed Platforms.ActiveCfg = Production|Any CPU
		{2223323E-667C-4B37-AA7B-F38FFFD09A84}.Production|Mixed Platforms.Build.0 = Production|Any CPU
		{2223323E-667C-4B37-AA7B-F38FFFD09A84}.Production|x86.ActiveCfg = Production|Any CPU
		{2223323E-667C-4B37-AA7B-F38FFFD09A84}.Production|x86.Build.0 = Production|Any CPU
		{2223323E-667C-4B37-AA7B-F38FFFD09A84}.Release|Any CPU.ActiveCfg = Release|Any CPU
		{2223323E-667C-4B37-AA7B-F38FFFD09A84}.Release|Any CPU.Build.0 = Release|Any CPU
		{2223323E-667C-4B37-AA7B-F38FFFD09A84}.Release|Mixed Platforms.ActiveCfg = Release|Any CPU
		{2223323E-667C-4B37-AA7B-F38FFFD09A84}.Release|Mixed Platforms.Build.0 = Release|Any CPU
		{2223323E-667C-4B37-AA7B-F38FFFD09A84}.Release|x86.ActiveCfg = Release|Any CPU
		{2223323E-667C-4B37-AA7B-F38FFFD09A84}.Release|x86.Build.0 = Release|Any CPU
		{2223323E-667C-4B37-AA7B-F38FFFD09A84}.Staging|Any CPU.ActiveCfg = Staging|Any CPU
		{2223323E-667C-4B37-AA7B-F38FFFD09A84}.Staging|Any CPU.Build.0 = Staging|Any CPU
		{2223323E-667C-4B37-AA7B-F38FFFD09A84}.Staging|Mixed Platforms.ActiveCfg = Staging|Any CPU
		{2223323E-667C-4B37-AA7B-F38FFFD09A84}.Staging|Mixed Platforms.Build.0 = Staging|Any CPU
		{2223323E-667C-4B37-AA7B-F38FFFD09A84}.Staging|x86.ActiveCfg = Staging|Any CPU
		{2223323E-667C-4B37-AA7B-F38FFFD09A84}.Staging|x86.Build.0 = Staging|Any CPU
		{2223323E-667C-4B37-AA7B-F38FFFD09A84}.UAT|Any CPU.ActiveCfg = UAT|Any CPU
		{2223323E-667C-4B37-AA7B-F38FFFD09A84}.UAT|Any CPU.Build.0 = UAT|Any CPU
		{2223323E-667C-4B37-AA7B-F38FFFD09A84}.UAT|Mixed Platforms.ActiveCfg = UAT|Any CPU
		{2223323E-667C-4B37-AA7B-F38FFFD09A84}.UAT|Mixed Platforms.Build.0 = UAT|Any CPU
		{2223323E-667C-4B37-AA7B-F38FFFD09A84}.UAT|x86.ActiveCfg = UAT|Any CPU
		{2223323E-667C-4B37-AA7B-F38FFFD09A84}.UAT|x86.Build.0 = UAT|Any CPU
		{F8F24C00-ED0B-4985-A788-1246F10E21B3}.Base|Any CPU.ActiveCfg = Base|Any CPU
		{F8F24C00-ED0B-4985-A788-1246F10E21B3}.Base|Any CPU.Build.0 = Base|Any CPU
		{F8F24C00-ED0B-4985-A788-1246F10E21B3}.Base|Mixed Platforms.ActiveCfg = Base|Any CPU
		{F8F24C00-ED0B-4985-A788-1246F10E21B3}.Base|Mixed Platforms.Build.0 = Base|Any CPU
		{F8F24C00-ED0B-4985-A788-1246F10E21B3}.Base|x86.ActiveCfg = Base|Any CPU
		{F8F24C00-ED0B-4985-A788-1246F10E21B3}.Base|x86.Build.0 = Base|Any CPU
		{F8F24C00-ED0B-4985-A788-1246F10E21B3}.Debug|Any CPU.ActiveCfg = Debug|Any CPU
		{F8F24C00-ED0B-4985-A788-1246F10E21B3}.Debug|Any CPU.Build.0 = Debug|Any CPU
		{F8F24C00-ED0B-4985-A788-1246F10E21B3}.Debug|Mixed Platforms.ActiveCfg = Debug|Any CPU
		{F8F24C00-ED0B-4985-A788-1246F10E21B3}.Debug|Mixed Platforms.Build.0 = Debug|Any CPU
		{F8F24C00-ED0B-4985-A788-1246F10E21B3}.Debug|x86.ActiveCfg = Debug|Any CPU
		{F8F24C00-ED0B-4985-A788-1246F10E21B3}.Debug|x86.Build.0 = Debug|Any CPU
		{F8F24C00-ED0B-4985-A788-1246F10E21B3}.DEV|Any CPU.ActiveCfg = DEV|Any CPU
		{F8F24C00-ED0B-4985-A788-1246F10E21B3}.DEV|Any CPU.Build.0 = DEV|Any CPU
		{F8F24C00-ED0B-4985-A788-1246F10E21B3}.DEV|Mixed Platforms.ActiveCfg = DEV|Any CPU
		{F8F24C00-ED0B-4985-A788-1246F10E21B3}.DEV|Mixed Platforms.Build.0 = DEV|Any CPU
		{F8F24C00-ED0B-4985-A788-1246F10E21B3}.DEV|x86.ActiveCfg = DEV|Any CPU
		{F8F24C00-ED0B-4985-A788-1246F10E21B3}.DEV|x86.Build.0 = DEV|Any CPU
		{F8F24C00-ED0B-4985-A788-1246F10E21B3}.Production|Any CPU.ActiveCfg = Production|Any CPU
		{F8F24C00-ED0B-4985-A788-1246F10E21B3}.Production|Any CPU.Build.0 = Production|Any CPU
		{F8F24C00-ED0B-4985-A788-1246F10E21B3}.Production|Mixed Platforms.ActiveCfg = Production|Any CPU
		{F8F24C00-ED0B-4985-A788-1246F10E21B3}.Production|Mixed Platforms.Build.0 = Production|Any CPU
		{F8F24C00-ED0B-4985-A788-1246F10E21B3}.Production|x86.ActiveCfg = Production|Any CPU
		{F8F24C00-ED0B-4985-A788-1246F10E21B3}.Production|x86.Build.0 = Production|Any CPU
		{F8F24C00-ED0B-4985-A788-1246F10E21B3}.Release|Any CPU.ActiveCfg = Release|Any CPU
		{F8F24C00-ED0B-4985-A788-1246F10E21B3}.Release|Any CPU.Build.0 = Release|Any CPU
		{F8F24C00-ED0B-4985-A788-1246F10E21B3}.Release|Mixed Platforms.ActiveCfg = Release|Any CPU
		{F8F24C00-ED0B-4985-A788-1246F10E21B3}.Release|Mixed Platforms.Build.0 = Release|Any CPU
		{F8F24C00-ED0B-4985-A788-1246F10E21B3}.Release|x86.ActiveCfg = Release|Any CPU
		{F8F24C00-ED0B-4985-A788-1246F10E21B3}.Release|x86.Build.0 = Release|Any CPU
		{F8F24C00-ED0B-4985-A788-1246F10E21B3}.Staging|Any CPU.ActiveCfg = Staging|Any CPU
		{F8F24C00-ED0B-4985-A788-1246F10E21B3}.Staging|Any CPU.Build.0 = Staging|Any CPU
		{F8F24C00-ED0B-4985-A788-1246F10E21B3}.Staging|Mixed Platforms.ActiveCfg = Staging|Any CPU
		{F8F24C00-ED0B-4985-A788-1246F10E21B3}.Staging|Mixed Platforms.Build.0 = Staging|Any CPU
		{F8F24C00-ED0B-4985-A788-1246F10E21B3}.Staging|x86.ActiveCfg = Staging|Any CPU
		{F8F24C00-ED0B-4985-A788-1246F10E21B3}.Staging|x86.Build.0 = Staging|Any CPU
		{F8F24C00-ED0B-4985-A788-1246F10E21B3}.UAT|Any CPU.ActiveCfg = UAT|Any CPU
		{F8F24C00-ED0B-4985-A788-1246F10E21B3}.UAT|Any CPU.Build.0 = UAT|Any CPU
		{F8F24C00-ED0B-4985-A788-1246F10E21B3}.UAT|Mixed Platforms.ActiveCfg = UAT|Any CPU
		{F8F24C00-ED0B-4985-A788-1246F10E21B3}.UAT|Mixed Platforms.Build.0 = UAT|Any CPU
		{F8F24C00-ED0B-4985-A788-1246F10E21B3}.UAT|x86.ActiveCfg = UAT|Any CPU
		{F8F24C00-ED0B-4985-A788-1246F10E21B3}.UAT|x86.Build.0 = UAT|Any CPU
		{73A6470C-68B8-446C-BD66-11C9792B223D}.Base|Any CPU.ActiveCfg = Base|Any CPU
		{73A6470C-68B8-446C-BD66-11C9792B223D}.Base|Any CPU.Build.0 = Base|Any CPU
		{73A6470C-68B8-446C-BD66-11C9792B223D}.Base|Mixed Platforms.ActiveCfg = Base|Any CPU
		{73A6470C-68B8-446C-BD66-11C9792B223D}.Base|Mixed Platforms.Build.0 = Base|Any CPU
		{73A6470C-68B8-446C-BD66-11C9792B223D}.Base|x86.ActiveCfg = Base|Any CPU
		{73A6470C-68B8-446C-BD66-11C9792B223D}.Base|x86.Build.0 = Base|Any CPU
		{73A6470C-68B8-446C-BD66-11C9792B223D}.Debug|Any CPU.ActiveCfg = Debug|Any CPU
		{73A6470C-68B8-446C-BD66-11C9792B223D}.Debug|Any CPU.Build.0 = Debug|Any CPU
		{73A6470C-68B8-446C-BD66-11C9792B223D}.Debug|Mixed Platforms.ActiveCfg = Debug|Any CPU
		{73A6470C-68B8-446C-BD66-11C9792B223D}.Debug|Mixed Platforms.Build.0 = Debug|Any CPU
		{73A6470C-68B8-446C-BD66-11C9792B223D}.Debug|x86.ActiveCfg = Debug|Any CPU
		{73A6470C-68B8-446C-BD66-11C9792B223D}.Debug|x86.Build.0 = Debug|Any CPU
		{73A6470C-68B8-446C-BD66-11C9792B223D}.DEV|Any CPU.ActiveCfg = DEV|Any CPU
		{73A6470C-68B8-446C-BD66-11C9792B223D}.DEV|Any CPU.Build.0 = DEV|Any CPU
		{73A6470C-68B8-446C-BD66-11C9792B223D}.DEV|Mixed Platforms.ActiveCfg = DEV|Any CPU
		{73A6470C-68B8-446C-BD66-11C9792B223D}.DEV|Mixed Platforms.Build.0 = DEV|Any CPU
		{73A6470C-68B8-446C-BD66-11C9792B223D}.DEV|x86.ActiveCfg = DEV|Any CPU
		{73A6470C-68B8-446C-BD66-11C9792B223D}.DEV|x86.Build.0 = DEV|Any CPU
		{73A6470C-68B8-446C-BD66-11C9792B223D}.Production|Any CPU.ActiveCfg = Production|Any CPU
		{73A6470C-68B8-446C-BD66-11C9792B223D}.Production|Any CPU.Build.0 = Production|Any CPU
		{73A6470C-68B8-446C-BD66-11C9792B223D}.Production|Mixed Platforms.ActiveCfg = Production|Any CPU
		{73A6470C-68B8-446C-BD66-11C9792B223D}.Production|Mixed Platforms.Build.0 = Production|Any CPU
		{73A6470C-68B8-446C-BD66-11C9792B223D}.Production|x86.ActiveCfg = Production|Any CPU
		{73A6470C-68B8-446C-BD66-11C9792B223D}.Production|x86.Build.0 = Production|Any CPU
		{73A6470C-68B8-446C-BD66-11C9792B223D}.Release|Any CPU.ActiveCfg = Release|Any CPU
		{73A6470C-68B8-446C-BD66-11C9792B223D}.Release|Any CPU.Build.0 = Release|Any CPU
		{73A6470C-68B8-446C-BD66-11C9792B223D}.Release|Mixed Platforms.ActiveCfg = Release|Any CPU
		{73A6470C-68B8-446C-BD66-11C9792B223D}.Release|Mixed Platforms.Build.0 = Release|Any CPU
		{73A6470C-68B8-446C-BD66-11C9792B223D}.Release|x86.ActiveCfg = Release|Any CPU
		{73A6470C-68B8-446C-BD66-11C9792B223D}.Release|x86.Build.0 = Release|Any CPU
		{73A6470C-68B8-446C-BD66-11C9792B223D}.Staging|Any CPU.ActiveCfg = Staging|Any CPU
		{73A6470C-68B8-446C-BD66-11C9792B223D}.Staging|Any CPU.Build.0 = Staging|Any CPU
		{73A6470C-68B8-446C-BD66-11C9792B223D}.Staging|Mixed Platforms.ActiveCfg = Staging|Any CPU
		{73A6470C-68B8-446C-BD66-11C9792B223D}.Staging|Mixed Platforms.Build.0 = Staging|Any CPU
		{73A6470C-68B8-446C-BD66-11C9792B223D}.Staging|x86.ActiveCfg = Staging|Any CPU
		{73A6470C-68B8-446C-BD66-11C9792B223D}.Staging|x86.Build.0 = Staging|Any CPU
		{73A6470C-68B8-446C-BD66-11C9792B223D}.UAT|Any CPU.ActiveCfg = UAT|Any CPU
		{73A6470C-68B8-446C-BD66-11C9792B223D}.UAT|Any CPU.Build.0 = UAT|Any CPU
		{73A6470C-68B8-446C-BD66-11C9792B223D}.UAT|Mixed Platforms.ActiveCfg = UAT|Any CPU
		{73A6470C-68B8-446C-BD66-11C9792B223D}.UAT|Mixed Platforms.Build.0 = UAT|Any CPU
		{73A6470C-68B8-446C-BD66-11C9792B223D}.UAT|x86.ActiveCfg = UAT|Any CPU
		{73A6470C-68B8-446C-BD66-11C9792B223D}.UAT|x86.Build.0 = UAT|Any CPU
		{59F01E35-5937-47A1-8E6E-FEBD26F989C1}.Base|Any CPU.ActiveCfg = Base|Any CPU
		{59F01E35-5937-47A1-8E6E-FEBD26F989C1}.Base|Any CPU.Build.0 = Base|Any CPU
		{59F01E35-5937-47A1-8E6E-FEBD26F989C1}.Base|Mixed Platforms.ActiveCfg = Base|Any CPU
		{59F01E35-5937-47A1-8E6E-FEBD26F989C1}.Base|Mixed Platforms.Build.0 = Base|Any CPU
		{59F01E35-5937-47A1-8E6E-FEBD26F989C1}.Base|x86.ActiveCfg = Base|Any CPU
		{59F01E35-5937-47A1-8E6E-FEBD26F989C1}.Base|x86.Build.0 = Base|Any CPU
		{59F01E35-5937-47A1-8E6E-FEBD26F989C1}.Debug|Any CPU.ActiveCfg = Debug|Any CPU
		{59F01E35-5937-47A1-8E6E-FEBD26F989C1}.Debug|Any CPU.Build.0 = Debug|Any CPU
		{59F01E35-5937-47A1-8E6E-FEBD26F989C1}.Debug|Mixed Platforms.ActiveCfg = Debug|Any CPU
		{59F01E35-5937-47A1-8E6E-FEBD26F989C1}.Debug|Mixed Platforms.Build.0 = Debug|Any CPU
		{59F01E35-5937-47A1-8E6E-FEBD26F989C1}.Debug|x86.ActiveCfg = Debug|Any CPU
		{59F01E35-5937-47A1-8E6E-FEBD26F989C1}.Debug|x86.Build.0 = Debug|Any CPU
		{59F01E35-5937-47A1-8E6E-FEBD26F989C1}.DEV|Any CPU.ActiveCfg = DEV|Any CPU
		{59F01E35-5937-47A1-8E6E-FEBD26F989C1}.DEV|Any CPU.Build.0 = DEV|Any CPU
		{59F01E35-5937-47A1-8E6E-FEBD26F989C1}.DEV|Mixed Platforms.ActiveCfg = DEV|Any CPU
		{59F01E35-5937-47A1-8E6E-FEBD26F989C1}.DEV|Mixed Platforms.Build.0 = DEV|Any CPU
		{59F01E35-5937-47A1-8E6E-FEBD26F989C1}.DEV|x86.ActiveCfg = DEV|Any CPU
		{59F01E35-5937-47A1-8E6E-FEBD26F989C1}.DEV|x86.Build.0 = DEV|Any CPU
		{59F01E35-5937-47A1-8E6E-FEBD26F989C1}.Production|Any CPU.ActiveCfg = Production|Any CPU
		{59F01E35-5937-47A1-8E6E-FEBD26F989C1}.Production|Any CPU.Build.0 = Production|Any CPU
		{59F01E35-5937-47A1-8E6E-FEBD26F989C1}.Production|Mixed Platforms.ActiveCfg = Production|Any CPU
		{59F01E35-5937-47A1-8E6E-FEBD26F989C1}.Production|Mixed Platforms.Build.0 = Production|Any CPU
		{59F01E35-5937-47A1-8E6E-FEBD26F989C1}.Production|x86.ActiveCfg = Production|Any CPU
		{59F01E35-5937-47A1-8E6E-FEBD26F989C1}.Production|x86.Build.0 = Production|Any CPU
		{59F01E35-5937-47A1-8E6E-FEBD26F989C1}.Release|Any CPU.ActiveCfg = Release|Any CPU
		{59F01E35-5937-47A1-8E6E-FEBD26F989C1}.Release|Any CPU.Build.0 = Release|Any CPU
		{59F01E35-5937-47A1-8E6E-FEBD26F989C1}.Release|Mixed Platforms.ActiveCfg = Release|Any CPU
		{59F01E35-5937-47A1-8E6E-FEBD26F989C1}.Release|Mixed Platforms.Build.0 = Release|Any CPU
		{59F01E35-5937-47A1-8E6E-FEBD26F989C1}.Release|x86.ActiveCfg = Release|Any CPU
		{59F01E35-5937-47A1-8E6E-FEBD26F989C1}.Release|x86.Build.0 = Release|Any CPU
		{59F01E35-5937-47A1-8E6E-FEBD26F989C1}.Staging|Any CPU.ActiveCfg = Staging|Any CPU
		{59F01E35-5937-47A1-8E6E-FEBD26F989C1}.Staging|Any CPU.Build.0 = Staging|Any CPU
		{59F01E35-5937-47A1-8E6E-FEBD26F989C1}.Staging|Mixed Platforms.ActiveCfg = Staging|Any CPU
		{59F01E35-5937-47A1-8E6E-FEBD26F989C1}.Staging|Mixed Platforms.Build.0 = Staging|Any CPU
		{59F01E35-5937-47A1-8E6E-FEBD26F989C1}.Staging|x86.ActiveCfg = Staging|Any CPU
		{59F01E35-5937-47A1-8E6E-FEBD26F989C1}.Staging|x86.Build.0 = Staging|Any CPU
		{59F01E35-5937-47A1-8E6E-FEBD26F989C1}.UAT|Any CPU.ActiveCfg = UAT|Any CPU
		{59F01E35-5937-47A1-8E6E-FEBD26F989C1}.UAT|Any CPU.Build.0 = UAT|Any CPU
		{59F01E35-5937-47A1-8E6E-FEBD26F989C1}.UAT|Mixed Platforms.ActiveCfg = UAT|Any CPU
		{59F01E35-5937-47A1-8E6E-FEBD26F989C1}.UAT|Mixed Platforms.Build.0 = UAT|Any CPU
		{59F01E35-5937-47A1-8E6E-FEBD26F989C1}.UAT|x86.ActiveCfg = UAT|Any CPU
		{59F01E35-5937-47A1-8E6E-FEBD26F989C1}.UAT|x86.Build.0 = UAT|Any CPU
		{86CE4121-6623-402E-876E-2D97C662FF36}.Base|Any CPU.ActiveCfg = Base|Any CPU
		{86CE4121-6623-402E-876E-2D97C662FF36}.Base|Any CPU.Build.0 = Base|Any CPU
		{86CE4121-6623-402E-876E-2D97C662FF36}.Base|Mixed Platforms.ActiveCfg = Base|Any CPU
		{86CE4121-6623-402E-876E-2D97C662FF36}.Base|Mixed Platforms.Build.0 = Base|Any CPU
		{86CE4121-6623-402E-876E-2D97C662FF36}.Base|x86.ActiveCfg = Base|Any CPU
		{86CE4121-6623-402E-876E-2D97C662FF36}.Base|x86.Build.0 = Base|Any CPU
		{86CE4121-6623-402E-876E-2D97C662FF36}.Debug|Any CPU.ActiveCfg = Debug|Any CPU
		{86CE4121-6623-402E-876E-2D97C662FF36}.Debug|Any CPU.Build.0 = Debug|Any CPU
		{86CE4121-6623-402E-876E-2D97C662FF36}.Debug|Mixed Platforms.ActiveCfg = Debug|Any CPU
		{86CE4121-6623-402E-876E-2D97C662FF36}.Debug|Mixed Platforms.Build.0 = Debug|Any CPU
		{86CE4121-6623-402E-876E-2D97C662FF36}.Debug|x86.ActiveCfg = Debug|Any CPU
		{86CE4121-6623-402E-876E-2D97C662FF36}.Debug|x86.Build.0 = Debug|Any CPU
		{86CE4121-6623-402E-876E-2D97C662FF36}.DEV|Any CPU.ActiveCfg = DEV|Any CPU
		{86CE4121-6623-402E-876E-2D97C662FF36}.DEV|Any CPU.Build.0 = DEV|Any CPU
		{86CE4121-6623-402E-876E-2D97C662FF36}.DEV|Mixed Platforms.ActiveCfg = DEV|Any CPU
		{86CE4121-6623-402E-876E-2D97C662FF36}.DEV|Mixed Platforms.Build.0 = DEV|Any CPU
		{86CE4121-6623-402E-876E-2D97C662FF36}.DEV|x86.ActiveCfg = DEV|Any CPU
		{86CE4121-6623-402E-876E-2D97C662FF36}.DEV|x86.Build.0 = DEV|Any CPU
		{86CE4121-6623-402E-876E-2D97C662FF36}.Production|Any CPU.ActiveCfg = Production|Any CPU
		{86CE4121-6623-402E-876E-2D97C662FF36}.Production|Any CPU.Build.0 = Production|Any CPU
		{86CE4121-6623-402E-876E-2D97C662FF36}.Production|Mixed Platforms.ActiveCfg = Production|Any CPU
		{86CE4121-6623-402E-876E-2D97C662FF36}.Production|Mixed Platforms.Build.0 = Production|Any CPU
		{86CE4121-6623-402E-876E-2D97C662FF36}.Production|x86.ActiveCfg = Production|Any CPU
		{86CE4121-6623-402E-876E-2D97C662FF36}.Production|x86.Build.0 = Production|Any CPU
		{86CE4121-6623-402E-876E-2D97C662FF36}.Release|Any CPU.ActiveCfg = Release|Any CPU
		{86CE4121-6623-402E-876E-2D97C662FF36}.Release|Any CPU.Build.0 = Release|Any CPU
		{86CE4121-6623-402E-876E-2D97C662FF36}.Release|Mixed Platforms.ActiveCfg = Release|Any CPU
		{86CE4121-6623-402E-876E-2D97C662FF36}.Release|Mixed Platforms.Build.0 = Release|Any CPU
		{86CE4121-6623-402E-876E-2D97C662FF36}.Release|x86.ActiveCfg = Release|Any CPU
		{86CE4121-6623-402E-876E-2D97C662FF36}.Release|x86.Build.0 = Release|Any CPU
		{86CE4121-6623-402E-876E-2D97C662FF36}.Staging|Any CPU.ActiveCfg = Staging|Any CPU
		{86CE4121-6623-402E-876E-2D97C662FF36}.Staging|Any CPU.Build.0 = Staging|Any CPU
		{86CE4121-6623-402E-876E-2D97C662FF36}.Staging|Mixed Platforms.ActiveCfg = Staging|Any CPU
		{86CE4121-6623-402E-876E-2D97C662FF36}.Staging|Mixed Platforms.Build.0 = Staging|Any CPU
		{86CE4121-6623-402E-876E-2D97C662FF36}.Staging|x86.ActiveCfg = Staging|Any CPU
		{86CE4121-6623-402E-876E-2D97C662FF36}.Staging|x86.Build.0 = Staging|Any CPU
		{86CE4121-6623-402E-876E-2D97C662FF36}.UAT|Any CPU.ActiveCfg = UAT|Any CPU
		{86CE4121-6623-402E-876E-2D97C662FF36}.UAT|Any CPU.Build.0 = UAT|Any CPU
		{86CE4121-6623-402E-876E-2D97C662FF36}.UAT|Mixed Platforms.ActiveCfg = UAT|Any CPU
		{86CE4121-6623-402E-876E-2D97C662FF36}.UAT|Mixed Platforms.Build.0 = UAT|Any CPU
		{86CE4121-6623-402E-876E-2D97C662FF36}.UAT|x86.ActiveCfg = UAT|Any CPU
		{86CE4121-6623-402E-876E-2D97C662FF36}.UAT|x86.Build.0 = UAT|Any CPU
		{2E173591-A2D7-4D15-8312-B553D76F6F79}.Base|Any CPU.ActiveCfg = Debug|Any CPU
		{2E173591-A2D7-4D15-8312-B553D76F6F79}.Base|Any CPU.Build.0 = Debug|Any CPU
		{2E173591-A2D7-4D15-8312-B553D76F6F79}.Base|Mixed Platforms.ActiveCfg = Debug|Any CPU
		{2E173591-A2D7-4D15-8312-B553D76F6F79}.Base|Mixed Platforms.Build.0 = Debug|Any CPU
		{2E173591-A2D7-4D15-8312-B553D76F6F79}.Base|x86.ActiveCfg = Debug|Any CPU
		{2E173591-A2D7-4D15-8312-B553D76F6F79}.Base|x86.Build.0 = Debug|Any CPU
		{2E173591-A2D7-4D15-8312-B553D76F6F79}.Debug|Any CPU.ActiveCfg = Debug|Any CPU
		{2E173591-A2D7-4D15-8312-B553D76F6F79}.Debug|Any CPU.Build.0 = Debug|Any CPU
		{2E173591-A2D7-4D15-8312-B553D76F6F79}.Debug|Mixed Platforms.ActiveCfg = Debug|Any CPU
		{2E173591-A2D7-4D15-8312-B553D76F6F79}.Debug|Mixed Platforms.Build.0 = Debug|Any CPU
		{2E173591-A2D7-4D15-8312-B553D76F6F79}.Debug|x86.ActiveCfg = Debug|Any CPU
		{2E173591-A2D7-4D15-8312-B553D76F6F79}.Debug|x86.Build.0 = Debug|Any CPU
		{2E173591-A2D7-4D15-8312-B553D76F6F79}.DEV|Any CPU.ActiveCfg = Debug|Any CPU
		{2E173591-A2D7-4D15-8312-B553D76F6F79}.DEV|Any CPU.Build.0 = Debug|Any CPU
		{2E173591-A2D7-4D15-8312-B553D76F6F79}.DEV|Mixed Platforms.ActiveCfg = Debug|Any CPU
		{2E173591-A2D7-4D15-8312-B553D76F6F79}.DEV|Mixed Platforms.Build.0 = Debug|Any CPU
		{2E173591-A2D7-4D15-8312-B553D76F6F79}.DEV|x86.ActiveCfg = Debug|Any CPU
		{2E173591-A2D7-4D15-8312-B553D76F6F79}.DEV|x86.Build.0 = Debug|Any CPU
		{2E173591-A2D7-4D15-8312-B553D76F6F79}.Production|Any CPU.ActiveCfg = Debug|Any CPU
		{2E173591-A2D7-4D15-8312-B553D76F6F79}.Production|Any CPU.Build.0 = Debug|Any CPU
		{2E173591-A2D7-4D15-8312-B553D76F6F79}.Production|Mixed Platforms.ActiveCfg = Debug|Any CPU
		{2E173591-A2D7-4D15-8312-B553D76F6F79}.Production|Mixed Platforms.Build.0 = Debug|Any CPU
		{2E173591-A2D7-4D15-8312-B553D76F6F79}.Production|x86.ActiveCfg = Debug|Any CPU
		{2E173591-A2D7-4D15-8312-B553D76F6F79}.Production|x86.Build.0 = Debug|Any CPU
		{2E173591-A2D7-4D15-8312-B553D76F6F79}.Release|Any CPU.ActiveCfg = Release|Any CPU
		{2E173591-A2D7-4D15-8312-B553D76F6F79}.Release|Any CPU.Build.0 = Release|Any CPU
		{2E173591-A2D7-4D15-8312-B553D76F6F79}.Release|Mixed Platforms.ActiveCfg = Release|Any CPU
		{2E173591-A2D7-4D15-8312-B553D76F6F79}.Release|Mixed Platforms.Build.0 = Release|Any CPU
		{2E173591-A2D7-4D15-8312-B553D76F6F79}.Release|x86.ActiveCfg = Release|Any CPU
		{2E173591-A2D7-4D15-8312-B553D76F6F79}.Release|x86.Build.0 = Release|Any CPU
		{2E173591-A2D7-4D15-8312-B553D76F6F79}.Staging|Any CPU.ActiveCfg = Debug|Any CPU
		{2E173591-A2D7-4D15-8312-B553D76F6F79}.Staging|Any CPU.Build.0 = Debug|Any CPU
		{2E173591-A2D7-4D15-8312-B553D76F6F79}.Staging|Mixed Platforms.ActiveCfg = Debug|Any CPU
		{2E173591-A2D7-4D15-8312-B553D76F6F79}.Staging|Mixed Platforms.Build.0 = Debug|Any CPU
		{2E173591-A2D7-4D15-8312-B553D76F6F79}.Staging|x86.ActiveCfg = Debug|Any CPU
		{2E173591-A2D7-4D15-8312-B553D76F6F79}.Staging|x86.Build.0 = Debug|Any CPU
		{2E173591-A2D7-4D15-8312-B553D76F6F79}.UAT|Any CPU.ActiveCfg = Debug|Any CPU
		{2E173591-A2D7-4D15-8312-B553D76F6F79}.UAT|Any CPU.Build.0 = Debug|Any CPU
		{2E173591-A2D7-4D15-8312-B553D76F6F79}.UAT|Mixed Platforms.ActiveCfg = Debug|Any CPU
		{2E173591-A2D7-4D15-8312-B553D76F6F79}.UAT|Mixed Platforms.Build.0 = Debug|Any CPU
		{2E173591-A2D7-4D15-8312-B553D76F6F79}.UAT|x86.ActiveCfg = Debug|Any CPU
		{2E173591-A2D7-4D15-8312-B553D76F6F79}.UAT|x86.Build.0 = Debug|Any CPU
	EndGlobalSection
	GlobalSection(SolutionProperties) = preSolution
		HideSolutionNode = FALSE
	EndGlobalSection
	GlobalSection(ExtensibilityGlobals) = postSolution
		SolutionGuid = {6479EA1B-EC9D-4D11-A2A1-EF9C6868AC52}
	EndGlobalSection
EndGlobal
